
Microsoft Visual Studio Solution File, Format Version 12.00
# Visual Studio Version 17
VisualStudioVersion = 17.3.32804.467
MinimumVisualStudioVersion = 10.0.40219.1
Project("{FAE04EC0-301F-11D3-BF4B-00C04F79EFBC}") = "ins", "ins\ins.csproj", "{CBA931B4-F6C8-4C91-91D7-95DF00C23583}"
EndProject
Global
	GlobalSection(SolutionConfigurationPlatforms) = preSolution
		Debug|Any CPU = Debug|Any CPU
		Release|Any CPU = Release|Any CPU
	EndGlobalSection
	GlobalSection(ProjectConfigurationPlatforms) = postSolution
		{CBA931B4-F6C8-4C91-91D7-95DF00C23583}.Debug|Any CPU.ActiveCfg = Debug|Any CPU
		{CBA931B4-F6C8-4C91-91D7-95DF00C23583}.Debug|Any CPU.Build.0 = Debug|Any CPU
		{CBA931B4-F6C8-4C91-91D7-95DF00C23583}.Release|Any CPU.ActiveCfg = Release|Any CPU
		{CBA931B4-F6C8-4C91-91D7-95DF00C23583}.Release|Any CPU.Build.0 = Release|Any CPU
	EndGlobalSection
	GlobalSection(SolutionProperties) = preSolution
		HideSolutionNode = FALSE
	EndGlobalSection
	GlobalSection(ExtensibilityGlobals) = postSolution
		SolutionGuid = {26513A34-E274-41C9-BD9C-74ED98D5DE2E}
	EndGlobalSection
EndGlobal
